
Microsoft Visual Studio Solution File, Format Version 12.00
# Visual Studio 15
VisualStudioVersion = 15.0.26430.16
MinimumVisualStudioVersion = 10.0.40219.1
Project("{FAE04EC0-301F-11D3-BF4B-00C04F79EFBC}") = "SyncDbmlByScript", "Tools\SyncDbmlByScript\SyncDbmlByScript.csproj", "{2FB465F1-FC8D-4E94-ACE1-13FD73044D3D}"
EndProject
Project("{FAE04EC0-301F-11D3-BF4B-00C04F79EFBC}") = "SyncScriptManager", "Tools\SyncScriptManager\SyncScriptManager.csproj", "{71433364-944D-48B2-BEED-3A25DAB54A57}"
EndProject
Global
	GlobalSection(SolutionConfigurationPlatforms) = preSolution
		Debug|Any CPU = Debug|Any CPU
		Release|Any CPU = Release|Any CPU
	EndGlobalSection
	GlobalSection(ProjectConfigurationPlatforms) = postSolution
		{2FB465F1-FC8D-4E94-ACE1-13FD73044D3D}.Debug|Any CPU.ActiveCfg = Debug|Any CPU
		{2FB465F1-FC8D-4E94-ACE1-13FD73044D3D}.Debug|Any CPU.Build.0 = Debug|Any CPU
		{2FB465F1-FC8D-4E94-ACE1-13FD73044D3D}.Release|Any CPU.ActiveCfg = Release|Any CPU
		{2FB465F1-FC8D-4E94-ACE1-13FD73044D3D}.Release|Any CPU.Build.0 = Release|Any CPU
		{71433364-944D-48B2-BEED-3A25DAB54A57}.Debug|Any CPU.ActiveCfg = Debug|Any CPU
		{71433364-944D-48B2-BEED-3A25DAB54A57}.Debug|Any CPU.Build.0 = Debug|Any CPU
		{71433364-944D-48B2-BEED-3A25DAB54A57}.Release|Any CPU.ActiveCfg = Release|Any CPU
		{71433364-944D-48B2-BEED-3A25DAB54A57}.Release|Any CPU.Build.0 = Release|Any CPU
	EndGlobalSection
	GlobalSection(SolutionProperties) = preSolution
		HideSolutionNode = FALSE
	EndGlobalSection
EndGlobal
